
Microsoft Visual Studio Solution File, Format Version 12.00
# Visual Studio 15
VisualStudioVersion = 15.0.27130.2036
MinimumVisualStudioVersion = 10.0.40219.1
Project("{888888A0-9F3D-457C-B088-3A5042F75D52}") = "pythonx", "pythonx\pythonx.pyproj", "{AB242734-CFEA-425F-BBC8-AEFE592C508C}"
EndProject
Global
	GlobalSection(SolutionConfigurationPlatforms) = preSolution
		Debug|Any CPU = Debug|Any CPU
		Release|Any CPU = Release|Any CPU
	EndGlobalSection
	GlobalSection(ProjectConfigurationPlatforms) = postSolution
		{AB242734-CFEA-425F-BBC8-AEFE592C508C}.Debug|Any CPU.ActiveCfg = Debug|Any CPU
		{AB242734-CFEA-425F-BBC8-AEFE592C508C}.Release|Any CPU.ActiveCfg = Release|Any CPU
	EndGlobalSection
	GlobalSection(SolutionProperties) = preSolution
		HideSolutionNode = FALSE
	EndGlobalSection
	GlobalSection(ExtensibilityGlobals) = postSolution
		SolutionGuid = {112A1EB2-2164-45DF-9697-1240B79A5F7D}
	EndGlobalSection
EndGlobal
